{
  "name": "delivery-app",
  "version": "2.0.0",
  "lockfileVersion": 3,
  "requires": true,
  "packages": {
    "": {
      "name": "delivery-app",
      "version": "2.0.0",
      "license": "MIT"
    },
    "mobile": {
      "name": "delivery-app-mobile",
      "version": "1.0.0",
      "extraneous": true,
      "dependencies": {
        "@react-native-async-storage/async-storage": "2.2.0",
        "@react-navigation/bottom-tabs": "^7.15.7",
        "@react-navigation/native": "^7.2.0",
        "@react-navigation/stack": "^7.8.7",
        "@rnmapbox/maps": "^10.3.0",
        "expo": "^55.0.0",
        "expo-location": "~55.1.4",
        "expo-notifications": "~55.0.13",
        "expo-splash-screen": "~55.0.12",
        "expo-status-bar": "~55.0.4",
        "expo-task-manager": "~55.0.10",
        "firebase": "^12.11.0",
        "react": "19.2.0",
        "react-native": "0.83.2",
        "react-native-gesture-handler": "~2.30.0",
        "react-native-reanimated": "4.2.1",
        "react-native-safe-area-context": "~5.6.2",
        "react-native-screens": "~4.23.0",
        "react-native-worklets": "0.7.2"
      },
      "devDependencies": {
        "@babel/core": "^7.20.0"
      }
    },
    "web": {
      "name": "delivery-app-web",
      "version": "1.0.0",
      "extraneous": true,
      "dependencies": {
        "@supabase/supabase-js": "^2.100.0",
        "firebase": "^12.11.0",
        "mapbox-gl": "^3.20.0",
        "react": "^18.2.0",
        "react-dom": "^18.2.0",
        "react-hot-toast": "^2.4.1",
        "react-map-gl": "^7.1.7",
        "react-router-dom": "^6.20.0"
      },
      "devDependencies": {
        "@types/react": "^18.2.43",
        "@types/react-dom": "^18.2.17",
        "@vitejs/plugin-basic-ssl": "^2.2.0",
        "@vitejs/plugin-react": "^6.0.1",
        "vite": "^8.0.2"
      }
    }
  }
}
